
Microsoft Visual Studio Solution File, Format Version 12.00
# Visual Studio Version 16
VisualStudioVersion = 16.0.33214.272
MinimumVisualStudioVersion = 10.0.40219.1
Project("{9A19103F-16F7-4668-BE54-9A1E7A4F7556}") = "Mission09-edemaere", "Mission09-edemaere\Mission09-edemaere.csproj", "{1CE7DF13-9121-431E-AA1D-DB2F55018465}"
EndProject
Global
	GlobalSection(SolutionConfigurationPlatforms) = preSolution
		Debug|Any CPU = Debug|Any CPU
		Release|Any CPU = Release|Any CPU
	EndGlobalSection
	GlobalSection(ProjectConfigurationPlatforms) = postSolution
		{1CE7DF13-9121-431E-AA1D-DB2F55018465}.Debug|Any CPU.ActiveCfg = Debug|Any CPU
		{1CE7DF13-9121-431E-AA1D-DB2F55018465}.Debug|Any CPU.Build.0 = Debug|Any CPU
		{1CE7DF13-9121-431E-AA1D-DB2F55018465}.Release|Any CPU.ActiveCfg = Release|Any CPU
		{1CE7DF13-9121-431E-AA1D-DB2F55018465}.Release|Any CPU.Build.0 = Release|Any CPU
	EndGlobalSection
	GlobalSection(SolutionProperties) = preSolution
		HideSolutionNode = FALSE
	EndGlobalSection
	GlobalSection(ExtensibilityGlobals) = postSolution
		SolutionGuid = {335882DC-4009-4FA2-86E0-518B23F7DA6B}
	EndGlobalSection
EndGlobal
